lockfileVersion: '9.0'

settings:
  autoInstallPeers: true
  excludeLinksFromLockfile: false

importers:

  .:
    dependencies:
      '@ai-sdk/openai':
        specifier: ^1.1.9
        version: 1.1.9(zod@3.23.8)
      '@goat-sdk/adapter-vercel-ai':
        specifier: ^0.2.7
        version: 0.2.7(@goat-sdk/core@0.4.6(zod@3.23.8))(ai@4.0.3(react@19.0.0)(zod@3.23.8))(zod@3.23.8)
      '@goat-sdk/core':
        specifier: ^0.4.6
        version: 0.4.6(zod@3.23.8)
      '@goat-sdk/plugin-erc20':
        specifier: ^0.2.9
        version: 0.2.9(@goat-sdk/core@0.4.6(zod@3.23.8))(viem@2.21.49(zod@3.23.8))
      '@goat-sdk/wallet-evm':
        specifier: ^0.2.7
        version: 0.2.7(@goat-sdk/core@0.4.6(zod@3.23.8))
      '@goat-sdk/wallet-viem':
        specifier: ^0.2.7
        version: 0.2.7(@goat-sdk/wallet-evm@0.2.7(@goat-sdk/core@0.4.6(zod@3.23.8)))(viem@2.21.49(zod@3.23.8))
      dotenv:
        specifier: ^16.4.5
        version: 16.4.7
      viem:
        specifier: 2.21.49
        version: 2.21.49(zod@3.23.8)
    devDependencies:
      '@types/node':
        specifier: ^22.13.0
        version: 22.13.0

packages:

  '@adraffy/ens-normalize@1.11.0':
    resolution: {integrity: sha512-/3DDPKHqqIqxUULp8yP4zODUY1i+2xvVWsv8A79xGWdCAG+8sb0hRh0Rk2QyOJUnnbyPUAZYcpBuRe3nS2OIUg==}

  '@ai-sdk/openai@1.1.9':
    resolution: {integrity: sha512-t/CpC4TLipdbgBJTMX/otzzqzCMBSPQwUOkYPGbT/jyuC86F+YO9o+LS0Ty2pGUE1kyT+B3WmJ318B16ZCg4hw==}
    engines: {node: '>=18'}
    peerDependencies:
      zod: ^3.0.0

  '@ai-sdk/provider-utils@2.0.2':
    resolution: {integrity: sha512-IAvhKhdlXqiSmvx/D4uNlFYCl8dWT+M9K+IuEcSgnE2Aj27GWu8sDIpAf4r4Voc+wOUkOECVKQhFo8g9pozdjA==}
    engines: {node: '>=18'}
    peerDependencies:
      zod: ^3.0.0
    peerDependenciesMeta:
      zod:
        optional: true

  '@ai-sdk/provider-utils@2.1.6':
    resolution: {integrity: sha512-Pfyaj0QZS22qyVn5Iz7IXcJ8nKIKlu2MeSAdKJzTwkAks7zdLaKVB+396Rqcp1bfQnxl7vaduQVMQiXUrgK8Gw==}
    engines: {node: '>=18'}
    peerDependencies:
      zod: ^3.0.0
    peerDependenciesMeta:
      zod:
        optional: true

  '@ai-sdk/provider@1.0.1':
    resolution: {integrity: sha512-mV+3iNDkzUsZ0pR2jG0sVzU6xtQY5DtSCBy3JFycLp6PwjyLw/iodfL3MwdmMCRJWgs3dadcHejRnMvF9nGTBg==}
    engines: {node: '>=18'}

  '@ai-sdk/provider@1.0.7':
    resolution: {integrity: sha512-q1PJEZ0qD9rVR+8JFEd01/QM++csMT5UVwYXSN2u54BrVw/D8TZLTeg2FEfKK00DgAx0UtWd8XOhhwITP9BT5g==}
    engines: {node: '>=18'}

  '@ai-sdk/react@1.0.2':
    resolution: {integrity: sha512-VQfQ6PMiUz4hDquAfjih0DIw4gsQvRFk91SFg2xWirDO4swMZByJzqGGcILPQKbww5ndCo48iZj9S1mLKZo5Dg==}
    engines: {node: '>=18'}
    peerDependencies:
      react: ^18 || ^19 || ^19.0.0-rc
      zod: ^3.0.0
    peerDependenciesMeta:
      react:
        optional: true
      zod:
        optional: true

  '@ai-sdk/ui-utils@1.0.2':
    resolution: {integrity: sha512-hHrUdeThGHu/rsGZBWQ9PjrAU9Htxgbo9MFyR5B/aWoNbBeXn1HLMY1+uMEnXL5pRPlmyVRjgIavWg7UgeNDOw==}
    engines: {node: '>=18'}
    peerDependencies:
      zod: ^3.0.0
    peerDependenciesMeta:
      zod:
        optional: true

  '@goat-sdk/adapter-vercel-ai@0.2.7':
    resolution: {integrity: sha512-y6W7ZOpe4bh7PiafzcY87RsgbVBr6ESKGdxLbJ1bQNbm/6DPJyXC8lpRi4zy+OOzbHtwupCl50w7jteJuwf6XA==}
    peerDependencies:
      '@goat-sdk/core': 0.4.6
      ai: 4.0.3
      zod: ^3.0.0

  '@goat-sdk/core@0.4.6':
    resolution: {integrity: sha512-jFk0G9d/WlR1juIhCKtgEr7HBi2v7/veqouP1Zm1KC6EU2bNHXMYrh2TkeO1wjep3ur1MK4DDY1c+rS4WSY/7g==}
    peerDependencies:
      zod: ^3.0.0

  '@goat-sdk/plugin-erc20@0.2.9':
    resolution: {integrity: sha512-lUhCDn55wqccq82HKd2CKlYx33Cz3hWYkevwAdgTLD78Bk9gCURw11f+02YKYyYPFaxN17bC0UPrJ51DNitAAw==}
    peerDependencies:
      '@goat-sdk/core': 0.4.6
      viem: 2.21.49

  '@goat-sdk/wallet-evm@0.2.7':
    resolution: {integrity: sha512-1lWDAn/QAnGb6k7Fd8pS6g6Rz9jU2HB5mS/auxRyex9ohRnYlCluFz9aBo0G9rPVfPrviyMbVH+yCB1Fl3VxPg==}
    peerDependencies:
      '@goat-sdk/core': 0.4.6

  '@goat-sdk/wallet-viem@0.2.7':
    resolution: {integrity: sha512-PYH6HSQ1/A87zeluRqrRop+eaC8i//EUEHgRd9FvdI8prp+bHI2OFTk/h5AdH37cowCUUxHjUd9rtuBQkxMusQ==}
    peerDependencies:
      '@goat-sdk/wallet-evm': 0.2.7
      viem: 2.21.49

  '@noble/curves@1.6.0':
    resolution: {integrity: sha512-TlaHRXDehJuRNR9TfZDNQ45mMEd5dwUwmicsafcIX4SsNiqnCHKjE/1alYPd/lDRVhxdhUAlv8uEhMCI5zjIJQ==}
    engines: {node: ^14.21.3 || >=16}

  '@noble/hashes@1.5.0':
    resolution: {integrity: sha512-1j6kQFb7QRru7eKN3ZDvRcP13rugwdxZqCjbiAVZfIJwgj2A65UmT4TgARXGlXgnRkORLTDTrO19ZErt7+QXgA==}
    engines: {node: ^14.21.3 || >=16}

  '@opentelemetry/api@1.9.0':
    resolution: {integrity: sha512-3giAOQvZiH5F9bMlMiv8+GSPMeqg0dbaeo58/0SlA9sxSqZhnUtxzX9/2FzyhS9sWQf5S0GJE0AKBrFqjpeYcg==}
    engines: {node: '>=8.0.0'}

  '@scure/base@1.1.9':
    resolution: {integrity: sha512-8YKhl8GHiNI/pU2VMaofa2Tor7PJRAjwQLBBuilkJ9L5+13yVbC7JO/wS7piioAvPSwR3JKM1IJ/u4xQzbcXKg==}

  '@scure/bip32@1.5.0':
    resolution: {integrity: sha512-8EnFYkqEQdnkuGBVpCzKxyIwDCBLDVj3oiX0EKUFre/tOjL/Hqba1D6n/8RcmaQy4f95qQFrO2A8Sr6ybh4NRw==}

  '@scure/bip39@1.4.0':
    resolution: {integrity: sha512-BEEm6p8IueV/ZTfQLp/0vhw4NPnT9oWf5+28nvmeUICjP99f4vr2d+qc7AVGDDtwRep6ifR43Yed9ERVmiITzw==}

  '@types/diff-match-patch@1.0.36':
    resolution: {integrity: sha512-xFdR6tkm0MWvBfO8xXCSsinYxHcqkQUlcHeSpMC2ukzOb6lwQAfDmW+Qt0AvlGd8HpsS28qKsB+oPeJn9I39jg==}

  '@types/node@22.13.0':
    resolution: {integrity: sha512-ClIbNe36lawluuvq3+YYhnIN2CELi+6q8NpnM7PYp4hBn/TatfboPgVSm2rwKRfnV2M+Ty9GWDFI64KEe+kysA==}

  abitype@1.0.6:
    resolution: {integrity: sha512-MMSqYh4+C/aVqI2RQaWqbvI4Kxo5cQV40WQ4QFtDnNzCkqChm8MuENhElmynZlO0qUy/ObkEUaXtKqYnx1Kp3A==}
    peerDependencies:
      typescript: '>=5.0.4'
      zod: ^3 >=3.22.0
    peerDependenciesMeta:
      typescript:
        optional: true
      zod:
        optional: true

  ai@4.0.3:
    resolution: {integrity: sha512-nx5cNMldOQ72hwxL60NLtRnsmQd5Bo887Wznvxt8F5xnmjdeXRpz4ixp+0xGA88X7wiCn6c+xrhGEb9fesi/Tw==}
    engines: {node: '>=18'}
    peerDependencies:
      react: ^18 || ^19 || ^19.0.0-rc
      zod: ^3.0.0
    peerDependenciesMeta:
      react:
        optional: true
      zod:
        optional: true

  chalk@5.4.1:
    resolution: {integrity: sha512-zgVZuo2WcZgfUEmsn6eO3kINexW8RAE4maiQ8QNs8CtpPCSyMiYsULR3HQYkm3w8FIA3SberyMJMSldGsW+U3w==}
    engines: {node: ^12.17.0 || ^14.13 || >=16.0.0}

  dequal@2.0.3:
    resolution: {integrity: sha512-0je+qPKHEMohvfRTCEo3CrPG6cAzAYgmzKyxRiYSSDkS6eGJdyVJm7WaYA5ECaAD9wLB2T4EEeymA5aFVcYXCA==}
    engines: {node: '>=6'}

  diff-match-patch@1.0.5:
    resolution: {integrity: sha512-IayShXAgj/QMXgB0IWmKx+rOPuGMhqm5w6jvFxmVenXKIzRqTAAsbBPT3kWQeGANj3jGgvcvv4yK6SxqYmikgw==}

  dotenv@16.4.7:
    resolution: {integrity: sha512-47qPchRCykZC03FhkYAhrvwU4xDBFIj1QPqaarj6mdM/hgUzfPHcpkHJOn3mJAufFeeAxAzeGsr5X0M4k6fLZQ==}
    engines: {node: '>=12'}

  eventemitter3@5.0.1:
    resolution: {integrity: sha512-GWkBvjiSZK87ELrYOSESUYeVIc9mvLLf/nXalMOS5dYrgZq9o5OVkbZAVM06CVxYsCwH9BDZFPlQTlPA1j4ahA==}

  eventsource-parser@3.0.0:
    resolution: {integrity: sha512-T1C0XCUimhxVQzW4zFipdx0SficT651NnkR0ZSH3yQwh+mFMdLfgjABVi4YtMTtaL4s168593DaoaRLMqryavA==}
    engines: {node: '>=18.0.0'}

  isows@1.0.6:
    resolution: {integrity: sha512-lPHCayd40oW98/I0uvgaHKWCSvkzY27LjWLbtzOm64yQ+G3Q5npjjbdppU65iZXkK1Zt+kH9pfegli0AYfwYYw==}
    peerDependencies:
      ws: '*'

  json-schema@0.4.0:
    resolution: {integrity: sha512-es94M3nTIfsEPisRafak+HDLfHXnKBhV3vU5eqPcS3flIWqcxJWgXHXiey3YrpaNsanY5ei1VoYEbOzijuq9BA==}

  jsondiffpatch@0.6.0:
    resolution: {integrity: sha512-3QItJOXp2AP1uv7waBkao5nCvhEv+QmJAd38Ybq7wNI74Q+BBmnLn4EDKz6yI9xGAIQoUF87qHt+kc1IVxB4zQ==}
    engines: {node: ^18.0.0 || >=20.0.0}
    hasBin: true

  nanoid@3.3.8:
    resolution: {integrity: sha512-WNLf5Sd8oZxOm+TzppcYk8gVOgP+l58xNy58D0nbUnOxOWRWvlcCV4kUF7ltmI6PsrLl/BgKEyS4mqsGChFN0w==}
    engines: {node: ^10 || ^12 || ^13.7 || ^14 || >=15.0.1}
    hasBin: true

  ox@0.1.2:
    resolution: {integrity: sha512-ak/8K0Rtphg9vnRJlbOdaX9R7cmxD2MiSthjWGaQdMk3D7hrAlDoM+6Lxn7hN52Za3vrXfZ7enfke/5WjolDww==}
    peerDependencies:
      typescript: '>=5.4.0'
    peerDependenciesMeta:
      typescript:
        optional: true

  react@19.0.0:
    resolution: {integrity: sha512-V8AVnmPIICiWpGfm6GLzCR/W5FXLchHop40W4nXBmdlEceh16rCN8O8LNWm5bh5XUX91fh7KpA+W0TgMKmgTpQ==}
    engines: {node: '>=0.10.0'}

  reflect-metadata@0.2.2:
    resolution: {integrity: sha512-urBwgfrvVP/eAyXx4hluJivBKzuEbSQs9rKWCrCkbSxNv8mxPcUZKeuoF3Uy4mJl3Lwprp6yy5/39VWigZ4K6Q==}

  secure-json-parse@2.7.0:
    resolution: {integrity: sha512-6aU+Rwsezw7VR8/nyvKTx8QpWH9FrcYiXXlqC4z5d5XQBDRqtbfsRjnwGyqbi3gddNtWHuEk9OANUotL26qKUw==}

  swr@2.3.0:
    resolution: {integrity: sha512-NyZ76wA4yElZWBHzSgEJc28a0u6QZvhb6w0azeL2k7+Q1gAzVK+IqQYXhVOC/mzi+HZIozrZvBVeSeOZNR2bqA==}
    peerDependencies:
      react: ^16.11.0 || ^17.0.0 || ^18.0.0 || ^19.0.0

  throttleit@2.1.0:
    resolution: {integrity: sha512-nt6AMGKW1p/70DF/hGBdJB57B8Tspmbp5gfJ8ilhLnt7kkr2ye7hzD6NVG8GGErk2HWF34igrL2CXmNIkzKqKw==}
    engines: {node: '>=18'}

  undici-types@6.20.0:
    resolution: {integrity: sha512-Ny6QZ2Nju20vw1SRHe3d9jVu6gJ+4e3+MMpqu7pqE5HT6WsTSlce++GQmK5UXS8mzV8DSYHrQH+Xrf2jVcuKNg==}

  use-sync-external-store@1.4.0:
    resolution: {integrity: sha512-9WXSPC5fMv61vaupRkCKCxsPxBocVnwakBEkMIHHpkTTg6icbJtg6jzgtLDm4bl3cSHAca52rYWih0k4K3PfHw==}
    peerDependencies:
      react: ^16.8.0 || ^17.0.0 || ^18.0.0 || ^19.0.0

  viem@2.21.49:
    resolution: {integrity: sha512-NNItYfTv4+yGE5DDKc+S/g2S7KeJn047GwgEYG60FAJlK0FzwuP6lQKSeQ8k7Y4VasfuKPqiT+XiilcCtTRiDQ==}
    peerDependencies:
      typescript: '>=5.0.4'
    peerDependenciesMeta:
      typescript:
        optional: true

  webauthn-p256@0.0.10:
    resolution: {integrity: sha512-EeYD+gmIT80YkSIDb2iWq0lq2zbHo1CxHlQTeJ+KkCILWpVy3zASH3ByD4bopzfk0uCwXxLqKGLqp2W4O28VFA==}

  ws@8.18.0:
    resolution: {integrity: sha512-8VbfWfHLbbwu3+N6OKsOMpBdT4kXPDDB9cJk2bJ6mh9ucxdlnNvH1e+roYkKmN9Nxw2yjz7VzeO9oOz2zJ04Pw==}
    engines: {node: '>=10.0.0'}
    peerDependencies:
      bufferutil: ^4.0.1
      utf-8-validate: '>=5.0.2'
    peerDependenciesMeta:
      bufferutil:
        optional: true
      utf-8-validate:
        optional: true

  zod-to-json-schema@3.24.1:
    resolution: {integrity: sha512-3h08nf3Vw3Wl3PK+q3ow/lIil81IT2Oa7YpQyUUDsEWbXveMesdfK1xBd2RhCkynwZndAxixji/7SYJJowr62w==}
    peerDependencies:
      zod: ^3.24.1

  zod@3.23.8:
    resolution: {integrity: sha512-XBx9AXhXktjUqnepgTiE5flcKIYWi/rme0Eaj+5Y0lftuGBq+jyRu/md4WnuxqgP1ubdpNCsYEYPxrzVHD8d6g==}

snapshots:

  '@adraffy/ens-normalize@1.11.0': {}

  '@ai-sdk/openai@1.1.9(zod@3.23.8)':
    dependencies:
      '@ai-sdk/provider': 1.0.7
      '@ai-sdk/provider-utils': 2.1.6(zod@3.23.8)
      zod: 3.23.8

  '@ai-sdk/provider-utils@2.0.2(zod@3.23.8)':
    dependencies:
      '@ai-sdk/provider': 1.0.1
      eventsource-parser: 3.0.0
      nanoid: 3.3.8
      secure-json-parse: 2.7.0
    optionalDependencies:
      zod: 3.23.8

  '@ai-sdk/provider-utils@2.1.6(zod@3.23.8)':
    dependencies:
      '@ai-sdk/provider': 1.0.7
      eventsource-parser: 3.0.0
      nanoid: 3.3.8
      secure-json-parse: 2.7.0
    optionalDependencies:
      zod: 3.23.8

  '@ai-sdk/provider@1.0.1':
    dependencies:
      json-schema: 0.4.0

  '@ai-sdk/provider@1.0.7':
    dependencies:
      json-schema: 0.4.0

  '@ai-sdk/react@1.0.2(react@19.0.0)(zod@3.23.8)':
    dependencies:
      '@ai-sdk/provider-utils': 2.0.2(zod@3.23.8)
      '@ai-sdk/ui-utils': 1.0.2(zod@3.23.8)
      swr: 2.3.0(react@19.0.0)
      throttleit: 2.1.0
    optionalDependencies:
      react: 19.0.0
      zod: 3.23.8

  '@ai-sdk/ui-utils@1.0.2(zod@3.23.8)':
    dependencies:
      '@ai-sdk/provider': 1.0.1
      '@ai-sdk/provider-utils': 2.0.2(zod@3.23.8)
      zod-to-json-schema: 3.24.1(zod@3.23.8)
    optionalDependencies:
      zod: 3.23.8

  '@goat-sdk/adapter-vercel-ai@0.2.7(@goat-sdk/core@0.4.6(zod@3.23.8))(ai@4.0.3(react@19.0.0)(zod@3.23.8))(zod@3.23.8)':
    dependencies:
      '@goat-sdk/core': 0.4.6(zod@3.23.8)
      ai: 4.0.3(react@19.0.0)(zod@3.23.8)
      zod: 3.23.8

  '@goat-sdk/core@0.4.6(zod@3.23.8)':
    dependencies:
      reflect-metadata: 0.2.2
      zod: 3.23.8

  '@goat-sdk/plugin-erc20@0.2.9(@goat-sdk/core@0.4.6(zod@3.23.8))(viem@2.21.49(zod@3.23.8))':
    dependencies:
      '@goat-sdk/core': 0.4.6(zod@3.23.8)
      '@goat-sdk/wallet-evm': 0.2.7(@goat-sdk/core@0.4.6(zod@3.23.8))
      viem: 2.21.49(zod@3.23.8)
      zod: 3.23.8
    transitivePeerDependencies:
      - bufferutil
      - typescript
      - utf-8-validate

  '@goat-sdk/wallet-evm@0.2.7(@goat-sdk/core@0.4.6(zod@3.23.8))':
    dependencies:
      '@goat-sdk/core': 0.4.6(zod@3.23.8)
      abitype: 1.0.6(zod@3.23.8)
      viem: 2.21.49(zod@3.23.8)
      zod: 3.23.8
    transitivePeerDependencies:
      - bufferutil
      - typescript
      - utf-8-validate

  '@goat-sdk/wallet-viem@0.2.7(@goat-sdk/wallet-evm@0.2.7(@goat-sdk/core@0.4.6(zod@3.23.8)))(viem@2.21.49(zod@3.23.8))':
    dependencies:
      '@goat-sdk/wallet-evm': 0.2.7(@goat-sdk/core@0.4.6(zod@3.23.8))
      viem: 2.21.49(zod@3.23.8)

  '@noble/curves@1.6.0':
    dependencies:
      '@noble/hashes': 1.5.0

  '@noble/hashes@1.5.0': {}

  '@opentelemetry/api@1.9.0': {}

  '@scure/base@1.1.9': {}

  '@scure/bip32@1.5.0':
    dependencies:
      '@noble/curves': 1.6.0
      '@noble/hashes': 1.5.0
      '@scure/base': 1.1.9

  '@scure/bip39@1.4.0':
    dependencies:
      '@noble/hashes': 1.5.0
      '@scure/base': 1.1.9

  '@types/diff-match-patch@1.0.36': {}

  '@types/node@22.13.0':
    dependencies:
      undici-types: 6.20.0

  abitype@1.0.6(zod@3.23.8):
    optionalDependencies:
      zod: 3.23.8

  ai@4.0.3(react@19.0.0)(zod@3.23.8):
    dependencies:
      '@ai-sdk/provider': 1.0.1
      '@ai-sdk/provider-utils': 2.0.2(zod@3.23.8)
      '@ai-sdk/react': 1.0.2(react@19.0.0)(zod@3.23.8)
      '@ai-sdk/ui-utils': 1.0.2(zod@3.23.8)
      '@opentelemetry/api': 1.9.0
      jsondiffpatch: 0.6.0
      zod-to-json-schema: 3.24.1(zod@3.23.8)
    optionalDependencies:
      react: 19.0.0
      zod: 3.23.8

  chalk@5.4.1: {}

  dequal@2.0.3: {}

  diff-match-patch@1.0.5: {}

  dotenv@16.4.7: {}

  eventemitter3@5.0.1: {}

  eventsource-parser@3.0.0: {}

  isows@1.0.6(ws@8.18.0):
    dependencies:
      ws: 8.18.0

  json-schema@0.4.0: {}

  jsondiffpatch@0.6.0:
    dependencies:
      '@types/diff-match-patch': 1.0.36
      chalk: 5.4.1
      diff-match-patch: 1.0.5

  nanoid@3.3.8: {}

  ox@0.1.2(zod@3.23.8):
    dependencies:
      '@adraffy/ens-normalize': 1.11.0
      '@noble/curves': 1.6.0
      '@noble/hashes': 1.5.0
      '@scure/bip32': 1.5.0
      '@scure/bip39': 1.4.0
      abitype: 1.0.6(zod@3.23.8)
      eventemitter3: 5.0.1
    transitivePeerDependencies:
      - zod

  react@19.0.0: {}

  reflect-metadata@0.2.2: {}

  secure-json-parse@2.7.0: {}

  swr@2.3.0(react@19.0.0):
    dependencies:
      dequal: 2.0.3
      react: 19.0.0
      use-sync-external-store: 1.4.0(react@19.0.0)

  throttleit@2.1.0: {}

  undici-types@6.20.0: {}

  use-sync-external-store@1.4.0(react@19.0.0):
    dependencies:
      react: 19.0.0

  viem@2.21.49(zod@3.23.8):
    dependencies:
      '@noble/curves': 1.6.0
      '@noble/hashes': 1.5.0
      '@scure/bip32': 1.5.0
      '@scure/bip39': 1.4.0
      abitype: 1.0.6(zod@3.23.8)
      isows: 1.0.6(ws@8.18.0)
      ox: 0.1.2(zod@3.23.8)
      webauthn-p256: 0.0.10
      ws: 8.18.0
    transitivePeerDependencies:
      - bufferutil
      - utf-8-validate
      - zod

  webauthn-p256@0.0.10:
    dependencies:
      '@noble/curves': 1.6.0
      '@noble/hashes': 1.5.0

  ws@8.18.0: {}

  zod-to-json-schema@3.24.1(zod@3.23.8):
    dependencies:
      zod: 3.23.8

  zod@3.23.8: {}
